// !$*UTF8*$!
{
	archiveVersion = 1;
	classes = {
	};
	objectVersion = 46;
	objects = {

/* Begin PBXBuildFile section */
		7E4C9908200C304800797938 /* AppDelegate.swift in Sources */ = {isa = PBXBuildFile; fileRef = 7E4C9907200C304800797938 /* AppDelegate.swift */; };
		7E4C990A200C304800797938 /* ViewController.swift in Sources */ = {isa = PBXBuildFile; fileRef = 7E4C9909200C304800797938 /* ViewController.swift */; };
		7E4C990D200C304800797938 /* Main.storyboard in Resources */ = {isa = PBXBuildFile; fileRef = 7E4C990B200C304800797938 /* Main.storyboard */; };
		7E4C990F200C304800797938 /* Assets.xcassets in Resources */ = {isa = PBXBuildFile; fileRef = 7E4C990E200C304800797938 /* Assets.xcassets */; };
		7E4C9912200C304800797938 /* LaunchScreen.storyboard in Resources */ = {isa = PBXBuildFile; fileRef = 7E4C9910200C304800797938 /* LaunchScreen.storyboard */; };
		7E4C991D200C304800797938 /* FlixTests.swift in Sources */ = {isa = PBXBuildFile; fileRef = 7E4C991C200C304800797938 /* FlixTests.swift */; };
		7E4C9928200C304800797938 /* FlixUITests.swift in Sources */ = {isa = PBXBuildFile; fileRef = 7E4C9927200C304800797938 /* FlixUITests.swift */; };
/* End PBXBuildFile section */

/* Begin PBXContainerItemProxy section */
		7E4C9919200C304800797938 /* PBXContainerItemProxy */ = {
			isa = PBXContainerItemProxy;
			containerPortal = 7E4C98FC200C304800797938 /* Project object */;
			proxyType = 1;
			remoteGlobalIDString = 7E4C9903200C304800797938;
			remoteInfo = Flix;
		};
		7E4C9924200C304800797938 /* PBXContainerItemProxy */ = {
			isa = PBXContainerItemProxy;
			containerPortal = 7E4C98FC200C304800797938 /* Project object */;
			proxyType = 1;
			remoteGlobalIDString = 7E4C9903200C304800797938;
			remoteInfo = Flix;
		};
/* End PBXContainerItemProxy section */

/* Begin PBXFileReference section */
		7E4C9904200C304800797938 /* Flix.app */ = {isa = PBXFileReference; explicitFileType = wrapper.application; includeInIndex = 0; path = Flix.app; sourceTree = BUILT_PRODUCTS_DIR; };
		7E4C9907200C304800797938 /* AppDelegate.swift */ = {isa = PBXFileReference; lastKnownFileType = sourcecode.swift; path = AppDelegate.swift; sourceTree = "<group>"; };
		7E4C9909200C304800797938 /* ViewController.swift */ = {isa = PBXFileReference; lastKnownFileType = sourcecode.swift; path = ViewController.swift; sourceTree = "<group>"; };
		7E4C990C200C304800797938 /* Base */ = {isa = PBXFileReference; lastKnownFileType = file.storyboard; name = Base; path = Base.lproj/Main.storyboard; sourceTree = "<group>"; };
		7E4C990E200C304800797938 /* Assets.xcassets */ = {isa = PBXFileReference; lastKnownFileType = folder.assetcatalog; path = Assets.xcassets; sourceTree = "<group>"; };
		7E4C9911200C304800797938 /* Base */ = {isa = PBXFileReference; lastKnownFileType = file.storyboard; name = Base; path = Base.lproj/LaunchScreen.storyboard; sourceTree = "<group>"; };
		7E4C9913200C304800797938 /* Info.plist */ = {isa = PBXFileReference; lastKnownFileType = text.plist.xml; path = Info.plist; sourceTree = "<group>"; };
		7E4C9918200C304800797938 /* FlixTests.xctest */ = {isa = PBXFileReference; explicitFileType = wrapper.cfbundle; includeInIndex = 0; path = FlixTests.xctest; sourceTree = BUILT_PRODUCTS_DIR; };
		7E4C991C200C304800797938 /* FlixTests.swift */ = {isa = PBXFileReference; lastKnownFileType = sourcecode.swift; path = FlixTests.swift; sourceTree = "<group>"; };
		7E4C991E200C304800797938 /* Info.plist */ = {isa = PBXFileReference; lastKnownFileType = text.plist.xml; path = Info.plist; sourceTree = "<group>"; };
		7E4C9923200C304800797938 /* FlixUITests.xctest */ = {isa = PBXFileReference; explicitFileType = wrapper.cfbundle; includeInIndex = 0; path = FlixUITests.xctest; sourceTree = BUILT_PRODUCTS_DIR; };
		7E4C9927200C304800797938 /* FlixUITests.swift */ = {isa = PBXFileReference; lastKnownFileType = sourcecode.swift; path = FlixUITests.swift; sourceTree = "<group>"; };
		7E4C9929200C304800797938 /* Info.plist */ = {isa = PBXFileReference; lastKnownFileType = text.plist.xml; path = Info.plist; sourceTree = "<group>"; };
/* End PBXFileReference section */

/* Begin PBXFrameworksBuildPhase section */
		7E4C9901200C304800797938 /* Frameworks */ = {
			isa = PBXFrameworksBuildPhase;
			buildActionMask = 2147483647;
			files = (
			);
			runOnlyForDeploymentPostprocessing = 0;
		};
		7E4C9915200C304800797938 /* Frameworks */ = {
			isa = PBXFrameworksBuildPhase;
			buildActionMask = 2147483647;
			files = (
			);
			runOnlyForDeploymentPostprocessing = 0;
		};
		7E4C9920200C304800797938 /* Frameworks */ = {
			isa = PBXFrameworksBuildPhase;
			buildActionMask = 2147483647;
			files = (
			);
			runOnlyForDeploymentPostprocessing = 0;
		};
/* End PBXFrameworksBuildPhase section */

/* Begin PBXGroup section */
		7E4C98FB200C304800797938 = {
			isa = PBXGroup;
			children = (
				7E4C9906200C304800797938 /* Flix */,
				7E4C991B200C304800797938 /* FlixTests */,
				7E4C9926200C304800797938 /* FlixUITests */,
				7E4C9905200C304800797938 /* Products */,
			);
			sourceTree = "<group>";
		};
		7E4C9905200C304800797938 /* Products */ = {
			isa = PBXGroup;
			children = (
				7E4C9904200C304800797938 /* Flix.app */,
				7E4C9918200C304800797938 /* FlixTests.xctest */,
				7E4C9923200C304800797938 /* FlixUITests.xctest */,
			);
			name = Products;
			sourceTree = "<group>";
		};
		7E4C9906200C304800797938 /* Flix */ = {
			isa = PBXGroup;
			children = (
				7E4C9907200C304800797938 /* AppDelegate.swift */,
				7E4C9909200C304800797938 /* ViewController.swift */,
				7E4C990B200C304800797938 /* Main.storyboard */,
				7E4C990E200C304800797938 /* Assets.xcassets */,
				7E4C9910200C304800797938 /* LaunchScreen.storyboard */,
				7E4C9913200C304800797938 /* Info.plist */,
			);
			path = Flix;
			sourceTree = "<group>";
		};
		7E4C991B200C304800797938 /* FlixTests */ = {
			isa = PBXGroup;
			children = (
				7E4C991C200C304800797938 /* FlixTests.swift */,
				7E4C991E200C304800797938 /* Info.plist */,
			);
			path = FlixTests;
			sourceTree = "<group>";
		};
		7E4C9926200C304800797938 /* FlixUITests */ = {
			isa = PBXGroup;
			children = (
				7E4C9927200C304800797938 /* FlixUITests.swift */,
				7E4C9929200C304800797938 /* Info.plist */,
			);
			path = FlixUITests;
			sourceTree = "<group>";
		};
/* End PBXGroup section */

/* Begin PBXNativeTarget section */
		7E4C9903200C304800797938 /* Flix */ = {
			isa = PBXNativeTarget;
			buildConfigurationList = 7E4C992C200C304800797938 /* Build configuration list for PBXNativeTarget "Flix" */;
			buildPhases = (
				7E4C9900200C304800797938 /* Sources */,
				7E4C9901200C304800797938 /* Frameworks */,
				7E4C9902200C304800797938 /* Resources */,
			);
			buildRules = (
			);
			dependencies = (
			);
			name = Flix;
			productName = Flix;
			productReference = 7E4C9904200C304800797938 /* Flix.app */;
			productType = "com.apple.product-type.application";
		};
		7E4C9917200C304800797938 /* FlixTests */ = {
			isa = PBXNativeTarget;
			buildConfigurationList = 7E4C992F200C304800797938 /* Build configuration list for PBXNativeTarget "FlixTests" */;
			buildPhases = (
				7E4C9914200C304800797938 /* Sources */,
				7E4C9915200C304800797938 /* Frameworks */,
				7E4C9916200C304800797938 /* Resources */,
			);
			buildRules = (
			);
			dependencies = (
				7E4C991A200C304800797938 /* PBXTargetDependency */,
			);
			name = FlixTests;
			productName = FlixTests;
			productReference = 7E4C9918200C304800797938 /* FlixTests.xctest */;
			productType = "com.apple.product-type.bundle.unit-test";
		};
		7E4C9922200C304800797938 /* FlixUITests */ = {
			isa = PBXNativeTarget;
			buildConfigurationList = 7E4C9932200C304800797938 /* Build configuration list for PBXNativeTarget "FlixUITests" */;
			buildPhases = (
				7E4C991F200C304800797938 /* Sources */,
				7E4C9920200C304800797938 /* Frameworks */,
				7E4C9921200C304800797938 /* Resources */,
			);
			buildRules = (
			);
			dependencies = (
				7E4C9925200C304800797938 /* PBXTargetDependency */,
			);
			name = FlixUITests;
			productName = FlixUITests;
			productReference = 7E4C9923200C304800797938 /* FlixUITests.xctest */;
			productType = "com.apple.product-type.bundle.ui-testing";
		};
/* End PBXNativeTarget section */

/* Begin PBXProject section */
		7E4C98FC200C304800797938 /* Project object */ = {
			isa = PBXProject;
			attributes = {
				LastSwiftUpdateCheck = 0830;
				LastUpgradeCheck = 0830;
				ORGANIZATIONNAME = "Rohan Gupta";
				TargetAttributes = {
					7E4C9903200C304800797938 = {
						CreatedOnToolsVersion = 8.3.2;
						DevelopmentTeam = 7UKB592U89;
						ProvisioningStyle = Automatic;
					};
					7E4C9917200C304800797938 = {
						CreatedOnToolsVersion = 8.3.2;
						DevelopmentTeam = 7UKB592U89;
						ProvisioningStyle = Automatic;
						TestTargetID = 7E4C9903200C304800797938;
					};
					7E4C9922200C304800797938 = {
						CreatedOnToolsVersion = 8.3.2;
						DevelopmentTeam = 7UKB592U89;
						ProvisioningStyle = Automatic;
						TestTargetID = 7E4C9903200C304800797938;
					};
				};
			};
			buildConfigurationList = 7E4C98FF200C304800797938 /* Build configuration list for PBXProject "Flix" */;
			compatibilityVersion = "Xcode 3.2";
			developmentRegion = English;
			hasScannedForEncodings = 0;
			knownRegions = (
				en,
				Base,
			);
			mainGroup = 7E4C98FB200C304800797938;
			productRefGroup = 7E4C9905200C304800797938 /* Products */;
			projectDirPath = "";
			projectRoot = "";
			targets = (
				7E4C9903200C304800797938 /* Flix */,
				7E4C9917200C304800797938 /* FlixTests */,
				7E4C9922200C304800797938 /* FlixUITests */,
			);
		};
/* End PBXProject section */

/* Begin PBXResourcesBuildPhase section */
		7E4C9902200C304800797938 /* Resources */ = {
			isa = PBXResourcesBuildPhase;
			buildActionMask = 2147483647;
			files = (
				7E4C9912200C304800797938 /* LaunchScreen.storyboard in Resources */,
				7E4C990F200C304800797938 /* Assets.xcassets in Resources */,
				7E4C990D200C304800797938 /* Main.storyboard in Resources */,
			);
			runOnlyForDeploymentPostprocessing = 0;
		};
		7E4C9916200C304800797938 /* Resources */ = {
			isa = PBXResourcesBuildPhase;
			buildActionMask = 2147483647;
			files = (
			);
			runOnlyForDeploymentPostprocessing = 0;
		};
		7E4C9921200C304800797938 /* Resources */ = {
			isa = PBXResourcesBuildPhase;
			buildActionMask = 2147483647;
			files = (
			);
			runOnlyForDeploymentPostprocessing = 0;
		};
/* End PBXResourcesBuildPhase section */

/* Begin PBXSourcesBuildPhase section */
		7E4C9900200C304800797938 /* Sources */ = {
			isa = PBXSourcesBuildPhase;
			buildActionMask = 2147483647;
			files = (
				7E4C990A200C304800797938 /* ViewController.swift in Sources */,
				7E4C9908200C304800797938 /* AppDelegate.swift in Sources */,
			);
			runOnlyForDeploymentPostprocessing = 0;
		};
		7E4C9914200C304800797938 /* Sources */ = {
			isa = PBXSourcesBuildPhase;
			buildActionMask = 2147483647;
			files = (
				7E4C991D200C304800797938 /* FlixTests.swift in Sources */,
			);
			runOnlyForDeploymentPostprocessing = 0;
		};
		7E4C991F200C304800797938 /* Sources */ = {
			isa = PBXSourcesBuildPhase;
			buildActionMask = 2147483647;
			files = (
				7E4C9928200C304800797938 /* FlixUITests.swift in Sources */,
			);
			runOnlyForDeploymentPostprocessing = 0;
		};
/* End PBXSourcesBuildPhase section */

/* Begin PBXTargetDependency section */
		7E4C991A200C304800797938 /* PBXTargetDependency */ = {
			isa = PBXTargetDependency;
			target = 7E4C9903200C304800797938 /* Flix */;
			targetProxy = 7E4C9919200C304800797938 /* PBXContainerItemProxy */;
		};
		7E4C9925200C304800797938 /* PBXTargetDependency */ = {
			isa = PBXTargetDependency;
			target = 7E4C9903200C304800797938 /* Flix */;
			targetProxy = 7E4C9924200C304800797938 /* PBXContainerItemProxy */;
		};
/* End PBXTargetDependency section */

/* Begin PBXVariantGroup section */
		7E4C990B200C304800797938 /* Main.storyboard */ = {
			isa = PBXVariantGroup;
			children = (
				7E4C990C200C304800797938 /* Base */,
			);
			name = Main.storyboard;
			sourceTree = "<group>";
		};
		7E4C9910200C304800797938 /* LaunchScreen.storyboard */ = {
			isa = PBXVariantGroup;
			children = (
				7E4C9911200C304800797938 /* Base */,
			);
			name = LaunchScreen.storyboard;
			sourceTree = "<group>";
		};
/* End PBXVariantGroup section */

/* Begin XCBuildConfiguration section */
		7E4C992A200C304800797938 /* Debug */ = {
			isa = XCBuildConfiguration;
			buildSettings = {
				ALWAYS_SEARCH_USER_PATHS = NO;
				CLANG_ANALYZER_NONNULL = YES;
				CLANG_ANALYZER_NUMBER_OBJECT_CONVERSION = YES_AGGRESSIVE;
				CLANG_CXX_LANGUAGE_STANDARD = "gnu++0x";
				CLANG_CXX_LIBRARY = "libc++";
				CLANG_ENABLE_MODULES = YES;
				CLANG_ENABLE_OBJC_ARC = YES;
				CLANG_WARN_BOOL_CONVERSION = YES;
				CLANG_WARN_CONSTANT_CONVERSION = YES;
				CLANG_WARN_DIRECT_OBJC_ISA_USAGE = YES_ERROR;
				CLANG_WARN_DOCUMENTATION_COMMENTS = YES;
				CLANG_WARN_EMPTY_BODY = YES;
				CLANG_WARN_ENUM_CONVERSION = YES;
				CLANG_WARN_INFINITE_RECURSION = YES;
				CLANG_WARN_INT_CONVERSION = YES;
				CLANG_WARN_OBJC_ROOT_CLASS = YES_ERROR;
				CLANG_WARN_SUSPICIOUS_MOVE = YES;
				CLANG_WARN_UNREACHABLE_CODE = YES;
				CLANG_WARN__DUPLICATE_METHOD_MATCH = YES;
				"CODE_SIGN_IDENTITY[sdk=iphoneos*]" = "iPhone Developer";
				COPY_PHASE_STRIP = NO;
				DEBUG_INFORMATION_FORMAT = dwarf;
				ENABLE_STRICT_OBJC_MSGSEND = YES;
				ENABLE_TESTABILITY = YES;
				GCC_C_LANGUAGE_STANDARD = gnu99;
				GCC_DYNAMIC_NO_PIC = NO;
				GCC_NO_COMMON_BLOCKS = YES;
				GCC_OPTIMIZATION_LEVEL = 0;
				GCC_PREPROCESSOR_DEFINITIONS = (
					"DEBUG=1",
					"$(inherited)",
				);
				GCC_WARN_64_TO_32_BIT_CONVERSION = YES;
				GCC_WARN_ABOUT_RETURN_TYPE = YES_ERROR;
				GCC_WARN_UNDECLARED_SELECTOR = YES;
				GCC_WARN_UNINITIALIZED_AUTOS = YES_AGGRESSIVE;
				GCC_WARN_UNUSED_FUNCTION = YES;
				GCC_WARN_UNUSED_VARIABLE = YES;
				IPHONEOS_DEPLOYMENT_TARGET = 10.3;
				MTL_ENABLE_DEBUG_INFO = YES;
				ONLY_ACTIVE_ARCH = YES;
				SDKROOT = iphoneos;
				SWIFT_ACTIVE_COMPILATION_CONDITIONS = DEBUG;
				SWIFT_OPTIMIZATION_LEVEL = "-Onone";
			};
			name = Debug;
		};
		7E4C992B200C304800797938 /* Release */ = {
			isa = XCBuildConfiguration;
			buildSettings = {
				ALWAYS_SEARCH_USER_PATHS = NO;
				CLANG_ANALYZER_NONNULL = YES;
				CLANG_ANALYZER_NUMBER_OBJECT_CONVERSION = YES_AGGRESSIVE;
				CLANG_CXX_LANGUAGE_STANDARD = "gnu++0x";
				CLANG_CXX_LIBRARY = "libc++";
				CLANG_ENABLE_MODULES = YES;
				CLANG_ENABLE_OBJC_ARC = YES;
				CLANG_WARN_BOOL_CONVERSION = YES;
				CLANG_WARN_CONSTANT_CONVERSION = YES;
				CLANG_WARN_DIRECT_OBJC_ISA_USAGE = YES_ERROR;
				CLANG_WARN_DOCUMENTATION_COMMENTS = YES;
				CLANG_WARN_EMPTY_BODY = YES;
				CLANG_WARN_ENUM_CONVERSION = YES;
				CLANG_WARN_INFINITE_RECURSION = YES;
				CLANG_WARN_INT_CONVERSION = YES;
				CLANG_WARN_OBJC_ROOT_CLASS = YES_ERROR;
				CLANG_WARN_SUSPICIOUS_MOVE = YES;
				CLANG_WARN_UNREACHABLE_CODE = YES;
				CLANG_WARN__DUPLICATE_METHOD_MATCH = YES;
				"CODE_SIGN_IDENTITY[sdk=iphoneos*]" = "iPhone Developer";
				COPY_PHASE_STRIP = NO;
				DEBUG_INFORMATION_FORMAT = "dwarf-with-dsym";
				ENABLE_NS_ASSERTIONS = NO;
				ENABLE_STRICT_OBJC_MSGSEND = YES;
				GCC_C_LANGUAGE_STANDARD = gnu99;
				GCC_NO_COMMON_BLOCKS = YES;
				GCC_WARN_64_TO_32_BIT_CONVERSION = YES;
				GCC_WARN_ABOUT_RETURN_TYPE = YES_ERROR;
				GCC_WARN_UNDECLARED_SELECTOR = YES;
				GCC_WARN_UNINITIALIZED_AUTOS = YES_AGGRESSIVE;
				GCC_WARN_UNUSED_FUNCTION = YES;
				GCC_WARN_UNUSED_VARIABLE = YES;
				IPHONEOS_DEPLOYMENT_TARGET = 10.3;
				MTL_ENABLE_DEBUG_INFO = NO;
				SDKROOT = iphoneos;
				SWIFT_OPTIMIZATION_LEVEL = "-Owholemodule";
				VALIDATE_PRODUCT = YES;
			};
			name = Release;
		};
		7E4C992D200C304800797938 /* Debug */ = {
			isa = XCBuildConfiguration;
			buildSettings = {
				ASSETCATALOG_COMPILER_APPICON_NAME = AppIcon;
				DEVELOPMENT_TEAM = 7UKB592U89;
				INFOPLIST_FILE = Flix/Info.plist;
				LD_RUNPATH_SEARCH_PATHS = "$(inherited) @executable_path/Frameworks";
				PRODUCT_BUNDLE_IDENTIFIER = Test.Flix;
				PRODUCT_NAME = "$(TARGET_NAME)";
				SWIFT_VERSION = 3.0;
			};
			name = Debug;
		};
		7E4C992E200C304800797938 /* Release */ = {
			isa = XCBuildConfiguration;
			buildSettings = {
				ASSETCATALOG_COMPILER_APPICON_NAME = AppIcon;
				DEVELOPMENT_TEAM = 7UKB592U89;
				INFOPLIST_FILE = Flix/Info.plist;
				LD_RUNPATH_SEARCH_PATHS = "$(inherited) @executable_path/Frameworks";
				PRODUCT_BUNDLE_IDENTIFIER = Test.Flix;
				PRODUCT_NAME = "$(TARGET_NAME)";
				SWIFT_VERSION = 3.0;
			};
			name = Release;
		};
		7E4C9930200C304800797938 /* Debug */ = {
			isa = XCBuildConfiguration;
			buildSettings = {
				ALWAYS_EMBED_SWIFT_STANDARD_LIBRARIES = YES;
				BUNDLE_LOADER = "$(TEST_HOST)";
				DEVELOPMENT_TEAM = 7UKB592U89;
				INFOPLIST_FILE = FlixTests/Info.plist;
				LD_RUNPATH_SEARCH_PATHS = "$(inherited) @executable_path/Frameworks @loader_path/Frameworks";
				PRODUCT_BUNDLE_IDENTIFIER = Test.FlixTests;
				PRODUCT_NAME = "$(TARGET_NAME)";
				SWIFT_VERSION = 3.0;
				TEST_HOST = "$(BUILT_PRODUCTS_DIR)/Flix.app/Flix";
			};
			name = Debug;
		};
		7E4C9931200C304800797938 /* Release */ = {
			isa = XCBuildConfiguration;
			buildSettings = {
				ALWAYS_EMBED_SWIFT_STANDARD_LIBRARIES = YES;
				BUNDLE_LOADER = "$(TEST_HOST)";
				DEVELOPMENT_TEAM = 7UKB592U89;
				INFOPLIST_FILE = FlixTests/Info.plist;
				LD_RUNPATH_SEARCH_PATHS = "$(inherited) @executable_path/Frameworks @loader_path/Frameworks";
				PRODUCT_BUNDLE_IDENTIFIER = Test.FlixTests;
				PRODUCT_NAME = "$(TARGET_NAME)";
				SWIFT_VERSION = 3.0;
				TEST_HOST = "$(BUILT_PRODUCTS_DIR)/Flix.app/Flix";
			};
			name = Release;
		};
		7E4C9933200C304800797938 /* Debug */ = {
			isa = XCBuildConfiguration;
			buildSettings = {
				ALWAYS_EMBED_SWIFT_STANDARD_LIBRARIES = YES;
				DEVELOPMENT_TEAM = 7UKB592U89;
				INFOPLIST_FILE = FlixUITests/Info.plist;
				LD_RUNPATH_SEARCH_PATHS = "$(inherited) @executable_path/Frameworks @loader_path/Frameworks";
				PRODUCT_BUNDLE_IDENTIFIER = Test.FlixUITests;
				PRODUCT_NAME = "$(TARGET_NAME)";
				SWIFT_VERSION = 3.0;
				TEST_TARGET_NAME = Flix;
			};
			name = Debug;
		};
		7E4C9934200C304800797938 /* Release */ = {
			isa = XCBuildConfiguration;
			buildSettings = {
				ALWAYS_EMBED_SWIFT_STANDARD_LIBRARIES = YES;
				DEVELOPMENT_TEAM = 7UKB592U89;
				INFOPLIST_FILE = FlixUITests/Info.plist;
				LD_RUNPATH_SEARCH_PATHS = "$(inherited) @executable_path/Frameworks @loader_path/Frameworks";
				PRODUCT_BUNDLE_IDENTIFIER = Test.FlixUITests;
				PRODUCT_NAME = "$(TARGET_NAME)";
				SWIFT_VERSION = 3.0;
				TEST_TARGET_NAME = Flix;
			};
			name = Release;
		};
/* End XCBuildConfiguration section */

/* Begin XCConfigurationList section */
		7E4C98FF200C304800797938 /* Build configuration list for PBXProject "Flix" */ = {
			isa = XCConfigurationList;
			buildConfigurations = (
				7E4C992A200C304800797938 /* Debug */,
				7E4C992B200C304800797938 /* Release */,
			);
			defaultConfigurationIsVisible = 0;
			defaultConfigurationName = Release;
		};
		7E4C992C200C304800797938 /* Build configuration list for PBXNativeTarget "Flix" */ = {
			isa = XCConfigurationList;
			buildConfigurations = (
				7E4C992D200C304800797938 /* Debug */,
				7E4C992E200C304800797938 /* Release */,
			);
			defaultConfigurationIsVisible = 0;
		};
		7E4C992F200C304800797938 /* Build configuration list for PBXNativeTarget "FlixTests" */ = {
			isa = XCConfigurationList;
			buildConfigurations = (
				7E4C9930200C304800797938 /* Debug */,
				7E4C9931200C304800797938 /* Release */,
			);
			defaultConfigurationIsVisible = 0;
		};
		7E4C9932200C304800797938 /* Build configuration list for PBXNativeTarget "FlixUITests" */ = {
			isa = XCConfigurationList;
			buildConfigurations = (
				7E4C9933200C304800797938 /* Debug */,
				7E4C9934200C304800797938 /* Release */,
			);
			defaultConfigurationIsVisible = 0;
		};
/* End XCConfigurationList section */
	};
	rootObject = 7E4C98FC200C304800797938 /* Project object */;
}
